
Microsoft Visual Studio Solution File, Format Version 12.00
# Visual Studio Version 17
VisualStudioVersion = 17.9.34616.47
MinimumVisualStudioVersion = 10.0.40219.1
Project("{8BC9CEB8-8B4A-11D0-8D11-00A0C91BC942}") = "solveMultiwaris", "solveMultiwaris\solveMultiwaris.vcxproj", "{990CB3D7-CA18-4781-AB81-04798B261085}"
EndProject
Project("{8BC9CEB8-8B4A-11D0-8D11-00A0C91BC942}") = "polimorpi", "polimorpi\polimorpi.vcxproj", "{08CA0FDF-26F7-45EE-B094-EBBD7CD2BE27}"
EndProject
Project("{8BC9CEB8-8B4A-11D0-8D11-00A0C91BC942}") = "multiwaris", "multiwaris\multiwaris.vcxproj", "{5CE59A64-80B4-431B-912D-9B57C729699C}"
EndProject
Project("{8BC9CEB8-8B4A-11D0-8D11-00A0C91BC942}") = "noPewarisan", "noPewarisan\noPewarisan.vcxproj", "{2484EB3E-2D80-4008-BA32-3E57C92D733D}"
EndProject
Global
	GlobalSection(SolutionConfigurationPlatforms) = preSolution
		Debug|x64 = Debug|x64
		Debug|x86 = Debug|x86
		Release|x64 = Release|x64
		Release|x86 = Release|x86
	EndGlobalSection
	GlobalSection(ProjectConfigurationPlatforms) = postSolution
		{990CB3D7-CA18-4781-AB81-04798B261085}.Debug|x64.ActiveCfg = Debug|x64
		{990CB3D7-CA18-4781-AB81-04798B261085}.Debug|x64.Build.0 = Debug|x64
		{990CB3D7-CA18-4781-AB81-04798B261085}.Debug|x86.ActiveCfg = Debug|Win32
		{990CB3D7-CA18-4781-AB81-04798B261085}.Debug|x86.Build.0 = Debug|Win32
		{990CB3D7-CA18-4781-AB81-04798B261085}.Release|x64.ActiveCfg = Release|x64
		{990CB3D7-CA18-4781-AB81-04798B261085}.Release|x64.Build.0 = Release|x64
		{990CB3D7-CA18-4781-AB81-04798B261085}.Release|x86.ActiveCfg = Release|Win32
		{990CB3D7-CA18-4781-AB81-04798B261085}.Release|x86.Build.0 = Release|Win32
		{08CA0FDF-26F7-45EE-B094-EBBD7CD2BE27}.Debug|x64.ActiveCfg = Debug|x64
		{08CA0FDF-26F7-45EE-B094-EBBD7CD2BE27}.Debug|x64.Build.0 = Debug|x64
		{08CA0FDF-26F7-45EE-B094-EBBD7CD2BE27}.Debug|x86.ActiveCfg = Debug|Win32
		{08CA0FDF-26F7-45EE-B094-EBBD7CD2BE27}.Debug|x86.Build.0 = Debug|Win32
		{08CA0FDF-26F7-45EE-B094-EBBD7CD2BE27}.Release|x64.ActiveCfg = Release|x64
		{08CA0FDF-26F7-45EE-B094-EBBD7CD2BE27}.Release|x64.Build.0 = Release|x64
		{08CA0FDF-26F7-45EE-B094-EBBD7CD2BE27}.Release|x86.ActiveCfg = Release|Win32
		{08CA0FDF-26F7-45EE-B094-EBBD7CD2BE27}.Release|x86.Build.0 = Release|Win32
		{5CE59A64-80B4-431B-912D-9B57C729699C}.Debug|x64.ActiveCfg = Debug|x64
		{5CE59A64-80B4-431B-912D-9B57C729699C}.Debug|x64.Build.0 = Debug|x64
		{5CE59A64-80B4-431B-912D-9B57C729699C}.Debug|x86.ActiveCfg = Debug|Win32
		{5CE59A64-80B4-431B-912D-9B57C729699C}.Debug|x86.Build.0 = Debug|Win32
		{5CE59A64-80B4-431B-912D-9B57C729699C}.Release|x64.ActiveCfg = Release|x64
		{5CE59A64-80B4-431B-912D-9B57C729699C}.Release|x64.Build.0 = Release|x64
		{5CE59A64-80B4-431B-912D-9B57C729699C}.Release|x86.ActiveCfg = Release|Win32
		{5CE59A64-80B4-431B-912D-9B57C729699C}.Release|x86.Build.0 = Release|Win32
		{2484EB3E-2D80-4008-BA32-3E57C92D733D}.Debug|x64.ActiveCfg = Debug|x64
		{2484EB3E-2D80-4008-BA32-3E57C92D733D}.Debug|x64.Build.0 = Debug|x64
		{2484EB3E-2D80-4008-BA32-3E57C92D733D}.Debug|x86.ActiveCfg = Debug|Win32
		{2484EB3E-2D80-4008-BA32-3E57C92D733D}.Debug|x86.Build.0 = Debug|Win32
		{2484EB3E-2D80-4008-BA32-3E57C92D733D}.Release|x64.ActiveCfg = Release|x64
		{2484EB3E-2D80-4008-BA32-3E57C92D733D}.Release|x64.Build.0 = Release|x64
		{2484EB3E-2D80-4008-BA32-3E57C92D733D}.Release|x86.ActiveCfg = Release|Win32
		{2484EB3E-2D80-4008-BA32-3E57C92D733D}.Release|x86.Build.0 = Release|Win32
	EndGlobalSection
	GlobalSection(SolutionProperties) = preSolution
		HideSolutionNode = FALSE
	EndGlobalSection
	GlobalSection(ExtensibilityGlobals) = postSolution
		SolutionGuid = {5677816B-8D33-45C4-97AD-7D6A3216923A}
	EndGlobalSection
EndGlobal
